
Microsoft Visual Studio Solution File, Format Version 12.00
# Visual Studio Version 17
VisualStudioVersion = 17.4.33213.308
MinimumVisualStudioVersion = 10.0.40219.1
Project("{FAE04EC0-301F-11D3-BF4B-00C04F79EFBC}") = "RedisApi", "RedisApi\RedisApi.csproj", "{1BC2F915-085F-477B-BD0C-D3FA4EF0F1DF}"
EndProject
Global
	GlobalSection(SolutionConfigurationPlatforms) = preSolution
		Debug|Any CPU = Debug|Any CPU
		Release|Any CPU = Release|Any CPU
	EndGlobalSection
	GlobalSection(ProjectConfigurationPlatforms) = postSolution
		{1BC2F915-085F-477B-BD0C-D3FA4EF0F1DF}.Debug|Any CPU.ActiveCfg = Debug|Any CPU
		{1BC2F915-085F-477B-BD0C-D3FA4EF0F1DF}.Debug|Any CPU.Build.0 = Debug|Any CPU
		{1BC2F915-085F-477B-BD0C-D3FA4EF0F1DF}.Release|Any CPU.ActiveCfg = Release|Any CPU
		{1BC2F915-085F-477B-BD0C-D3FA4EF0F1DF}.Release|Any CPU.Build.0 = Release|Any CPU
	EndGlobalSection
	GlobalSection(SolutionProperties) = preSolution
		HideSolutionNode = FALSE
	EndGlobalSection
	GlobalSection(ExtensibilityGlobals) = postSolution
		SolutionGuid = {1495B761-9946-4B11-846D-76E64879A4D3}
	EndGlobalSection
EndGlobal
